// !$*UTF8*$!
{
	archiveVersion = 1;
	classes = {
	};
	objectVersion = 50;
	objects = {

/* Begin PBXBuildFile section */
		BAC7CB9D266E201D009985FA /* CardsGameApp.swift in Sources */ = {isa = PBXBuildFile; fileRef = BAC7CB9C266E201D009985FA /* CardsGameApp.swift */; };
		BAC7CBA1266E2021009985FA /* Assets.xcassets in Resources */ = {isa = PBXBuildFile; fileRef = BAC7CBA0266E2021009985FA /* Assets.xcassets */; };
		BAC7CBA4266E2021009985FA /* Preview Assets.xcassets in Resources */ = {isa = PBXBuildFile; fileRef = BAC7CBA3266E2021009985FA /* Preview Assets.xcassets */; };
		BAC7CBB0266E20A6009985FA /* EmojiMemoryGameView.swift in Sources */ = {isa = PBXBuildFile; fileRef = BAC7CBAC266E20A6009985FA /* EmojiMemoryGameView.swift */; };
		BAC7CBB1266E20A6009985FA /* AspectVGrid.swift in Sources */ = {isa = PBXBuildFile; fileRef = BAC7CBAD266E20A6009985FA /* AspectVGrid.swift */; };
		BAC7CBB2266E20A6009985FA /* MemoryGame.swift in Sources */ = {isa = PBXBuildFile; fileRef = BAC7CBAE266E20A6009985FA /* MemoryGame.swift */; };
		BAC7CBB3266E20A6009985FA /* EmojiMemoryGame.swift in Sources */ = {isa = PBXBuildFile; fileRef = BAC7CBAF266E20A6009985FA /* EmojiMemoryGame.swift */; };
		BAC7CBB6266E3264009985FA /* Pie.swift in Sources */ = {isa = PBXBuildFile; fileRef = BAC7CBB5266E3263009985FA /* Pie.swift */; };
		BAC7CBB9266E6ED4009985FA /* Cardify.swift in Sources */ = {isa = PBXBuildFile; fileRef = BAC7CBB8266E6ED4009985FA /* Cardify.swift */; };
/* End PBXBuildFile section */

/* Begin PBXFileReference section */
		BAC7CB99266E201D009985FA /* CardsGame.app */ = {isa = PBXFileReference; explicitFileType = wrapper.application; includeInIndex = 0; path = CardsGame.app; sourceTree = BUILT_PRODUCTS_DIR; };
		BAC7CB9C266E201D009985FA /* CardsGameApp.swift */ = {isa = PBXFileReference; lastKnownFileType = sourcecode.swift; path = CardsGameApp.swift; sourceTree = "<group>"; };
		BAC7CBA0266E2021009985FA /* Assets.xcassets */ = {isa = PBXFileReference; lastKnownFileType = folder.assetcatalog; path = Assets.xcassets; sourceTree = "<group>"; };
		BAC7CBA3266E2021009985FA /* Preview Assets.xcassets */ = {isa = PBXFileReference; lastKnownFileType = folder.assetcatalog; path = "Preview Assets.xcassets"; sourceTree = "<group>"; };
		BAC7CBA5266E2021009985FA /* Info.plist */ = {isa = PBXFileReference; lastKnownFileType = text.plist.xml; path = Info.plist; sourceTree = "<group>"; };
		BAC7CBAC266E20A6009985FA /* EmojiMemoryGameView.swift */ = {isa = PBXFileReference; fileEncoding = 4; lastKnownFileType = sourcecode.swift; path = EmojiMemoryGameView.swift; sourceTree = "<group>"; };
		BAC7CBAD266E20A6009985FA /* AspectVGrid.swift */ = {isa = PBXFileReference; fileEncoding = 4; lastKnownFileType = sourcecode.swift; path = AspectVGrid.swift; sourceTree = "<group>"; };
		BAC7CBAE266E20A6009985FA /* MemoryGame.swift */ = {isa = PBXFileReference; fileEncoding = 4; lastKnownFileType = sourcecode.swift; path = MemoryGame.swift; sourceTree = "<group>"; };
		BAC7CBAF266E20A6009985FA /* EmojiMemoryGame.swift */ = {isa = PBXFileReference; fileEncoding = 4; lastKnownFileType = sourcecode.swift; path = EmojiMemoryGame.swift; sourceTree = "<group>"; };
		BAC7CBB5266E3263009985FA /* Pie.swift */ = {isa = PBXFileReference; lastKnownFileType = sourcecode.swift; path = Pie.swift; sourceTree = "<group>"; };
		BAC7CBB8266E6ED4009985FA /* Cardify.swift */ = {isa = PBXFileReference; lastKnownFileType = sourcecode.swift; path = Cardify.swift; sourceTree = "<group>"; };
/* End PBXFileReference section */

/* Begin PBXFrameworksBuildPhase section */
		BAC7CB96266E201D009985FA /* Frameworks */ = {
			isa = PBXFrameworksBuildPhase;
			buildActionMask = 2147483647;
			files = (
			);
			runOnlyForDeploymentPostprocessing = 0;
		};
/* End PBXFrameworksBuildPhase section */

/* Begin PBXGroup section */
		BAC7CB90266E201D009985FA = {
			isa = PBXGroup;
			children = (
				BAC7CB9B266E201D009985FA /* CardsGame */,
				BAC7CB9A266E201D009985FA /* Products */,
			);
			sourceTree = "<group>";
		};
		BAC7CB9A266E201D009985FA /* Products */ = {
			isa = PBXGroup;
			children = (
				BAC7CB99266E201D009985FA /* CardsGame.app */,
			);
			name = Products;
			sourceTree = "<group>";
		};
		BAC7CB9B266E201D009985FA /* CardsGame */ = {
			isa = PBXGroup;
			children = (
				BAC7CB9C266E201D009985FA /* CardsGameApp.swift */,
				BAC7CBAD266E20A6009985FA /* AspectVGrid.swift */,
				BAC7CBAF266E20A6009985FA /* EmojiMemoryGame.swift */,
				BAC7CBAC266E20A6009985FA /* EmojiMemoryGameView.swift */,
				BAC7CBB5266E3263009985FA /* Pie.swift */,
				BAC7CBB8266E6ED4009985FA /* Cardify.swift */,
				BAC7CBAE266E20A6009985FA /* MemoryGame.swift */,
				BAC7CBA0266E2021009985FA /* Assets.xcassets */,
				BAC7CBA5266E2021009985FA /* Info.plist */,
				BAC7CBA2266E2021009985FA /* Preview Content */,
			);
			path = CardsGame;
			sourceTree = "<group>";
		};
		BAC7CBA2266E2021009985FA /* Preview Content */ = {
			isa = PBXGroup;
			children = (
				BAC7CBA3266E2021009985FA /* Preview Assets.xcassets */,
			);
			path = "Preview Content";
			sourceTree = "<group>";
		};
/* End PBXGroup section */

/* Begin PBXNativeTarget section */
		BAC7CB98266E201D009985FA /* CardsGame */ = {
			isa = PBXNativeTarget;
			buildConfigurationList = BAC7CBA8266E2021009985FA /* Build configuration list for PBXNativeTarget "CardsGame" */;
			buildPhases = (
				BAC7CB95266E201D009985FA /* Sources */,
				BAC7CB96266E201D009985FA /* Frameworks */,
				BAC7CB97266E201D009985FA /* Resources */,
			);
			buildRules = (
			);
			dependencies = (
			);
			name = CardsGame;
			productName = CardsGame;
			productReference = BAC7CB99266E201D009985FA /* CardsGame.app */;
			productType = "com.apple.product-type.application";
		};
/* End PBXNativeTarget section */

/* Begin PBXProject section */
		BAC7CB91266E201D009985FA /* Project object */ = {
			isa = PBXProject;
			attributes = {
				LastSwiftUpdateCheck = 1240;
				LastUpgradeCheck = 1240;
				TargetAttributes = {
					BAC7CB98266E201D009985FA = {
						CreatedOnToolsVersion = 12.4;
					};
				};
			};
			buildConfigurationList = BAC7CB94266E201D009985FA /* Build configuration list for PBXProject "CardsGame" */;
			compatibilityVersion = "Xcode 9.3";
			developmentRegion = en;
			hasScannedForEncodings = 0;
			knownRegions = (
				en,
				Base,
			);
			mainGroup = BAC7CB90266E201D009985FA;
			productRefGroup = BAC7CB9A266E201D009985FA /* Products */;
			projectDirPath = "";
			projectRoot = "";
			targets = (
				BAC7CB98266E201D009985FA /* CardsGame */,
			);
		};
/* End PBXProject section */

/* Begin PBXResourcesBuildPhase section */
		BAC7CB97266E201D009985FA /* Resources */ = {
			isa = PBXResourcesBuildPhase;
			buildActionMask = 2147483647;
			files = (
				BAC7CBA4266E2021009985FA /* Preview Assets.xcassets in Resources */,
				BAC7CBA1266E2021009985FA /* Assets.xcassets in Resources */,
			);
			runOnlyForDeploymentPostprocessing = 0;
		};
/* End PBXResourcesBuildPhase section */

/* Begin PBXSourcesBuildPhase section */
		BAC7CB95266E201D009985FA /* Sources */ = {
			isa = PBXSourcesBuildPhase;
			buildActionMask = 2147483647;
			files = (
				BAC7CBB6266E3264009985FA /* Pie.swift in Sources */,
				BAC7CBB9266E6ED4009985FA /* Cardify.swift in Sources */,
				BAC7CBB0266E20A6009985FA /* EmojiMemoryGameView.swift in Sources */,
				BAC7CB9D266E201D009985FA /* CardsGameApp.swift in Sources */,
				BAC7CBB2266E20A6009985FA /* MemoryGame.swift in Sources */,
				BAC7CBB1266E20A6009985FA /* AspectVGrid.swift in Sources */,
				BAC7CBB3266E20A6009985FA /* EmojiMemoryGame.swift in Sources */,
			);
			runOnlyForDeploymentPostprocessing = 0;
		};
/* End PBXSourcesBuildPhase section */

/* Begin XCBuildConfiguration section */
		BAC7CBA6266E2021009985FA /* Debug */ = {
			isa = XCBuildConfiguration;
			buildSettings = {
				ALWAYS_SEARCH_USER_PATHS = NO;
				CLANG_ANALYZER_NONNULL = YES;
				CLANG_ANALYZER_NUMBER_OBJECT_CONVERSION = YES_AGGRESSIVE;
				CLANG_CXX_LANGUAGE_STANDARD = "gnu++14";
				CLANG_CXX_LIBRARY = "libc++";
				CLANG_ENABLE_MODULES = YES;
				CLANG_ENABLE_OBJC_ARC = YES;
				CLANG_ENABLE_OBJC_WEAK = YES;
				CLANG_WARN_BLOCK_CAPTURE_AUTORELEASING = YES;
				CLANG_WARN_BOOL_CONVERSION = YES;
				CLANG_WARN_COMMA = YES;
				CLANG_WARN_CONSTANT_CONVERSION = YES;
				CLANG_WARN_DEPRECATED_OBJC_IMPLEMENTATIONS = YES;
				CLANG_WARN_DIRECT_OBJC_ISA_USAGE = YES_ERROR;
				CLANG_WARN_DOCUMENTATION_COMMENTS = YES;
				CLANG_WARN_EMPTY_BODY = YES;
				CLANG_WARN_ENUM_CONVERSION = YES;
				CLANG_WARN_INFINITE_RECURSION = YES;
				CLANG_WARN_INT_CONVERSION = YES;
				CLANG_WARN_NON_LITERAL_NULL_CONVERSION = YES;
				CLANG_WARN_OBJC_IMPLICIT_RETAIN_SELF = YES;
				CLANG_WARN_OBJC_LITERAL_CONVERSION = YES;
				CLANG_WARN_OBJC_ROOT_CLASS = YES_ERROR;
				CLANG_WARN_QUOTED_INCLUDE_IN_FRAMEWORK_HEADER = YES;
				CLANG_WARN_RANGE_LOOP_ANALYSIS = YES;
				CLANG_WARN_STRICT_PROTOTYPES = YES;
				CLANG_WARN_SUSPICIOUS_MOVE = YES;
				CLANG_WARN_UNGUARDED_AVAILABILITY = YES_AGGRESSIVE;
				CLANG_WARN_UNREACHABLE_CODE = YES;
				CLANG_WARN__DUPLICATE_METHOD_MATCH = YES;
				COPY_PHASE_STRIP = NO;
				DEBUG_INFORMATION_FORMAT = dwarf;
				ENABLE_STRICT_OBJC_MSGSEND = YES;
				ENABLE_TESTABILITY = YES;
				GCC_C_LANGUAGE_STANDARD = gnu11;
				GCC_DYNAMIC_NO_PIC = NO;
				GCC_NO_COMMON_BLOCKS = YES;
				GCC_OPTIMIZATION_LEVEL = 0;
				GCC_PREPROCESSOR_DEFINITIONS = (
					"DEBUG=1",
					"$(inherited)",
				);
				GCC_WARN_64_TO_32_BIT_CONVERSION = YES;
				GCC_WARN_ABOUT_RETURN_TYPE = YES_ERROR;
				GCC_WARN_UNDECLARED_SELECTOR = YES;
				GCC_WARN_UNINITIALIZED_AUTOS = YES_AGGRESSIVE;
				GCC_WARN_UNUSED_FUNCTION = YES;
				GCC_WARN_UNUSED_VARIABLE = YES;
				IPHONEOS_DEPLOYMENT_TARGET = 14.4;
				MTL_ENABLE_DEBUG_INFO = INCLUDE_SOURCE;
				MTL_FAST_MATH = YES;
				ONLY_ACTIVE_ARCH = YES;
				SDKROOT = iphoneos;
				SWIFT_ACTIVE_COMPILATION_CONDITIONS = DEBUG;
				SWIFT_OPTIMIZATION_LEVEL = "-Onone";
			};
			name = Debug;
		};
		BAC7CBA7266E2021009985FA /* Release */ = {
			isa = XCBuildConfiguration;
			buildSettings = {
				ALWAYS_SEARCH_USER_PATHS = NO;
				CLANG_ANALYZER_NONNULL = YES;
				CLANG_ANALYZER_NUMBER_OBJECT_CONVERSION = YES_AGGRESSIVE;
				CLANG_CXX_LANGUAGE_STANDARD = "gnu++14";
				CLANG_CXX_LIBRARY = "libc++";
				CLANG_ENABLE_MODULES = YES;
				CLANG_ENABLE_OBJC_ARC = YES;
				CLANG_ENABLE_OBJC_WEAK = YES;
				CLANG_WARN_BLOCK_CAPTURE_AUTORELEASING = YES;
				CLANG_WARN_BOOL_CONVERSION = YES;
				CLANG_WARN_COMMA = YES;
				CLANG_WARN_CONSTANT_CONVERSION = YES;
				CLANG_WARN_DEPRECATED_OBJC_IMPLEMENTATIONS = YES;
				CLANG_WARN_DIRECT_OBJC_ISA_USAGE = YES_ERROR;
				CLANG_WARN_DOCUMENTATION_COMMENTS = YES;
				CLANG_WARN_EMPTY_BODY = YES;
				CLANG_WARN_ENUM_CONVERSION = YES;
				CLANG_WARN_INFINITE_RECURSION = YES;
				CLANG_WARN_INT_CONVERSION = YES;
				CLANG_WARN_NON_LITERAL_NULL_CONVERSION = YES;
				CLANG_WARN_OBJC_IMPLICIT_RETAIN_SELF = YES;
				CLANG_WARN_OBJC_LITERAL_CONVERSION = YES;
				CLANG_WARN_OBJC_ROOT_CLASS = YES_ERROR;
				CLANG_WARN_QUOTED_INCLUDE_IN_FRAMEWORK_HEADER = YES;
				CLANG_WARN_RANGE_LOOP_ANALYSIS = YES;
				CLANG_WARN_STRICT_PROTOTYPES = YES;
				CLANG_WARN_SUSPICIOUS_MOVE = YES;
				CLANG_WARN_UNGUARDED_AVAILABILITY = YES_AGGRESSIVE;
				CLANG_WARN_UNREACHABLE_CODE = YES;
				CLANG_WARN__DUPLICATE_METHOD_MATCH = YES;
				COPY_PHASE_STRIP = NO;
				DEBUG_INFORMATION_FORMAT = "dwarf-with-dsym";
				ENABLE_NS_ASSERTIONS = NO;
				ENABLE_STRICT_OBJC_MSGSEND = YES;
				GCC_C_LANGUAGE_STANDARD = gnu11;
				GCC_NO_COMMON_BLOCKS = YES;
				GCC_WARN_64_TO_32_BIT_CONVERSION = YES;
				GCC_WARN_ABOUT_RETURN_TYPE = YES_ERROR;
				GCC_WARN_UNDECLARED_SELECTOR = YES;
				GCC_WARN_UNINITIALIZED_AUTOS = YES_AGGRESSIVE;
				GCC_WARN_UNUSED_FUNCTION = YES;
				GCC_WARN_UNUSED_VARIABLE = YES;
				IPHONEOS_DEPLOYMENT_TARGET = 14.4;
				MTL_ENABLE_DEBUG_INFO = NO;
				MTL_FAST_MATH = YES;
				SDKROOT = iphoneos;
				SWIFT_COMPILATION_MODE = wholemodule;
				SWIFT_OPTIMIZATION_LEVEL = "-O";
				VALIDATE_PRODUCT = YES;
			};
			name = Release;
		};
		BAC7CBA9266E2021009985FA /* Debug */ = {
			isa = XCBuildConfiguration;
			buildSettings = {
				ASSETCATALOG_COMPILER_APPICON_NAME = AppIcon;
				ASSETCATALOG_COMPILER_GLOBAL_ACCENT_COLOR_NAME = AccentColor;
				CODE_SIGN_STYLE = Automatic;
				DEVELOPMENT_ASSET_PATHS = "\"CardsGame/Preview Content\"";
				ENABLE_PREVIEWS = YES;
				INFOPLIST_FILE = CardsGame/Info.plist;
				IPHONEOS_DEPLOYMENT_TARGET = 14.0;
				LD_RUNPATH_SEARCH_PATHS = (
					"$(inherited)",
					"@executable_path/Frameworks",
				);
				PRODUCT_BUNDLE_IDENTIFIER = com.DU.CardsGame;
				PRODUCT_NAME = "$(TARGET_NAME)";
				SWIFT_VERSION = 5.0;
				TARGETED_DEVICE_FAMILY = "1,2";
			};
			name = Debug;
		};
		BAC7CBAA266E2021009985FA /* Release */ = {
			isa = XCBuildConfiguration;
			buildSettings = {
				ASSETCATALOG_COMPILER_APPICON_NAME = AppIcon;
				ASSETCATALOG_COMPILER_GLOBAL_ACCENT_COLOR_NAME = AccentColor;
				CODE_SIGN_STYLE = Automatic;
				DEVELOPMENT_ASSET_PATHS = "\"CardsGame/Preview Content\"";
				ENABLE_PREVIEWS = YES;
				INFOPLIST_FILE = CardsGame/Info.plist;
				IPHONEOS_DEPLOYMENT_TARGET = 14.0;
				LD_RUNPATH_SEARCH_PATHS = (
					"$(inherited)",
					"@executable_path/Frameworks",
				);
				PRODUCT_BUNDLE_IDENTIFIER = com.DU.CardsGame;
				PRODUCT_NAME = "$(TARGET_NAME)";
				SWIFT_VERSION = 5.0;
				TARGETED_DEVICE_FAMILY = "1,2";
			};
			name = Release;
		};
/* End XCBuildConfiguration section */

/* Begin XCConfigurationList section */
		BAC7CB94266E201D009985FA /* Build configuration list for PBXProject "CardsGame" */ = {
			isa = XCConfigurationList;
			buildConfigurations = (
				BAC7CBA6266E2021009985FA /* Debug */,
				BAC7CBA7266E2021009985FA /* Release */,
			);
			defaultConfigurationIsVisible = 0;
			defaultConfigurationName = Release;
		};
		BAC7CBA8266E2021009985FA /* Build configuration list for PBXNativeTarget "CardsGame" */ = {
			isa = XCConfigurationList;
			buildConfigurations = (
				BAC7CBA9266E2021009985FA /* Debug */,
				BAC7CBAA266E2021009985FA /* Release */,
			);
			defaultConfigurationIsVisible = 0;
			defaultConfigurationName = Release;
		};
/* End XCConfigurationList section */
	};
	rootObject = BAC7CB91266E201D009985FA /* Project object */;
}
